
Microsoft Visual Studio Solution File, Format Version 12.00
# Visual Studio 2013
VisualStudioVersion = 12.0.40629.0
MinimumVisualStudioVersion = 10.0.40219.1
Project("{FAE04EC0-301F-11D3-BF4B-00C04F79EFBC}") = "hwapp", "hwapp\hwapp.csproj", "{74479F44-2AD9-409C-8FE4-9680599235C5}"
EndProject
Project("{FAE04EC0-301F-11D3-BF4B-00C04F79EFBC}") = "hwappLibUT", "hwappUnitTest\hwappLibUT.csproj", "{0D972657-F303-4A61-B329-94F67E580C97}"
EndProject
Project("{FAE04EC0-301F-11D3-BF4B-00C04F79EFBC}") = "hwappLib", "hwappLib\hwappLib.csproj", "{4E312303-DC0F-4DC4-95D2-E3710D49E278}"
EndProject
Global
	GlobalSection(SolutionConfigurationPlatforms) = preSolution
		Debug|Any CPU = Debug|Any CPU
		Release|Any CPU = Release|Any CPU
	EndGlobalSection
	GlobalSection(ProjectConfigurationPlatforms) = postSolution
		{74479F44-2AD9-409C-8FE4-9680599235C5}.Debug|Any CPU.ActiveCfg = Debug|Any CPU
		{74479F44-2AD9-409C-8FE4-9680599235C5}.Debug|Any CPU.Build.0 = Debug|Any CPU
		{74479F44-2AD9-409C-8FE4-9680599235C5}.Release|Any CPU.ActiveCfg = Release|Any CPU
		{74479F44-2AD9-409C-8FE4-9680599235C5}.Release|Any CPU.Build.0 = Release|Any CPU
		{0D972657-F303-4A61-B329-94F67E580C97}.Debug|Any CPU.ActiveCfg = Debug|Any CPU
		{0D972657-F303-4A61-B329-94F67E580C97}.Debug|Any CPU.Build.0 = Debug|Any CPU
		{0D972657-F303-4A61-B329-94F67E580C97}.Release|Any CPU.ActiveCfg = Release|Any CPU
		{0D972657-F303-4A61-B329-94F67E580C97}.Release|Any CPU.Build.0 = Release|Any CPU
		{4E312303-DC0F-4DC4-95D2-E3710D49E278}.Debug|Any CPU.ActiveCfg = Debug|Any CPU
		{4E312303-DC0F-4DC4-95D2-E3710D49E278}.Debug|Any CPU.Build.0 = Debug|Any CPU
		{4E312303-DC0F-4DC4-95D2-E3710D49E278}.Release|Any CPU.ActiveCfg = Release|Any CPU
		{4E312303-DC0F-4DC4-95D2-E3710D49E278}.Release|Any CPU.Build.0 = Release|Any CPU
	EndGlobalSection
	GlobalSection(SolutionProperties) = preSolution
		HideSolutionNode = FALSE
	EndGlobalSection
EndGlobal
